
Microsoft Visual Studio Solution File, Format Version 12.00
# Visual Studio Version 17
VisualStudioVersion = 17.12.35521.163
MinimumVisualStudioVersion = 10.0.40219.1
Project("{FAE04EC0-301F-11D3-BF4B-00C04F79EFBC}") = "Entities", "Entities\Entities.csproj", "{12B6197C-4C25-4C25-9CD7-BF6EA3DB2CC7}"
EndProject
Project("{FAE04EC0-301F-11D3-BF4B-00C04F79EFBC}") = "UseCases", "UseCases\UseCases.csproj", "{FB8E8E59-9C02-4428-83BF-05430C87F057}"
EndProject
Project("{FAE04EC0-301F-11D3-BF4B-00C04F79EFBC}") = "Infrastructure", "Infrastructure\Infrastructure.csproj", "{0513C55F-1237-4A9E-8D2B-2B67523FCE11}"
EndProject
Project("{FAE04EC0-301F-11D3-BF4B-00C04F79EFBC}") = "Infrastructure.SqlServer", "Infrastructure.SqlServer\Infrastructure.SqlServer.csproj", "{FC527226-B8DF-4770-8396-F679AE9802D2}"
EndProject
Project("{FAE04EC0-301F-11D3-BF4B-00C04F79EFBC}") = "VNPay", "VNPay\VNPay.csproj", "{16C4806D-9745-4DF5-B7FD-AA205B9C15BA}"
EndProject
Global
	GlobalSection(SolutionConfigurationPlatforms) = preSolution
		Debug|Any CPU = Debug|Any CPU
		Release|Any CPU = Release|Any CPU
	EndGlobalSection
	GlobalSection(ProjectConfigurationPlatforms) = postSolution
		{12B6197C-4C25-4C25-9CD7-BF6EA3DB2CC7}.Debug|Any CPU.ActiveCfg = Debug|Any CPU
		{12B6197C-4C25-4C25-9CD7-BF6EA3DB2CC7}.Debug|Any CPU.Build.0 = Debug|Any CPU
		{12B6197C-4C25-4C25-9CD7-BF6EA3DB2CC7}.Release|Any CPU.ActiveCfg = Release|Any CPU
		{12B6197C-4C25-4C25-9CD7-BF6EA3DB2CC7}.Release|Any CPU.Build.0 = Release|Any CPU
		{FB8E8E59-9C02-4428-83BF-05430C87F057}.Debug|Any CPU.ActiveCfg = Debug|Any CPU
		{FB8E8E59-9C02-4428-83BF-05430C87F057}.Debug|Any CPU.Build.0 = Debug|Any CPU
		{FB8E8E59-9C02-4428-83BF-05430C87F057}.Release|Any CPU.ActiveCfg = Release|Any CPU
		{FB8E8E59-9C02-4428-83BF-05430C87F057}.Release|Any CPU.Build.0 = Release|Any CPU
		{0513C55F-1237-4A9E-8D2B-2B67523FCE11}.Debug|Any CPU.ActiveCfg = Debug|Any CPU
		{0513C55F-1237-4A9E-8D2B-2B67523FCE11}.Debug|Any CPU.Build.0 = Debug|Any CPU
		{0513C55F-1237-4A9E-8D2B-2B67523FCE11}.Release|Any CPU.ActiveCfg = Release|Any CPU
		{0513C55F-1237-4A9E-8D2B-2B67523FCE11}.Release|Any CPU.Build.0 = Release|Any CPU
		{FC527226-B8DF-4770-8396-F679AE9802D2}.Debug|Any CPU.ActiveCfg = Debug|Any CPU
		{FC527226-B8DF-4770-8396-F679AE9802D2}.Debug|Any CPU.Build.0 = Debug|Any CPU
		{FC527226-B8DF-4770-8396-F679AE9802D2}.Release|Any CPU.ActiveCfg = Release|Any CPU
		{FC527226-B8DF-4770-8396-F679AE9802D2}.Release|Any CPU.Build.0 = Release|Any CPU
		{16C4806D-9745-4DF5-B7FD-AA205B9C15BA}.Debug|Any CPU.ActiveCfg = Debug|Any CPU
		{16C4806D-9745-4DF5-B7FD-AA205B9C15BA}.Debug|Any CPU.Build.0 = Debug|Any CPU
		{16C4806D-9745-4DF5-B7FD-AA205B9C15BA}.Release|Any CPU.ActiveCfg = Release|Any CPU
		{16C4806D-9745-4DF5-B7FD-AA205B9C15BA}.Release|Any CPU.Build.0 = Release|Any CPU
	EndGlobalSection
	GlobalSection(SolutionProperties) = preSolution
		HideSolutionNode = FALSE
	EndGlobalSection
EndGlobal
